{
    "_readme": [
        "This file locks the dependencies of your project to a known state",
        "Read more about it at http://getcomposer.org/doc/01-basic-usage.md#composer-lock-the-lock-file"
    ],
    "hash": "92b2fae1ee81a1238724e825bafc2519",
    "packages": [
        {
            "name": "pajamasql/pajamasql",
            "version": "dev-master",
            "source": {
                "type": "git",
                "url": "https://github.com/al-codepone/pajamaSQL.git",
                "reference": "64a853bfd42a8ec4e63d0695b21fff24fed85ff0"
            },
            "dist": {
                "type": "zip",
                "url": "https://api.github.com/repos/al-codepone/pajamaSQL/zipball/64a853bfd42a8ec4e63d0695b21fff24fed85ff0",
                "reference": "64a853bfd42a8ec4e63d0695b21fff24fed85ff0",
                "shasum": ""
            },
            "require": {
                "php": ">=5.3.0"
            },
            "type": "library",
            "autoload": {
                "psr-0": {
                    "pjsql\\": "src/"
                }
            },
            "notification-url": "https://packagist.org/downloads/",
            "license": [
                "MIT"
            ],
            "authors": [
                {
                    "name": "Ry Ferguson",
                    "email": "rytf12@gmail.com",
                    "homepage": "http://ikitovagn.com",
                    "role": "Developer"
                }
            ],
            "description": "PHP SQL database layer",
            "homepage": "https://github.com/al-codepone/pajamaSQL",
            "keywords": [
                "model",
                "models",
                "sql"
            ],
            "time": "2014-06-28 03:41:24"
        }
    ],
    "packages-dev": [

    ],
    "aliases": [

    ],
    "minimum-stability": "stable",
    "stability-flags": {
        "pajamasql/pajamasql": 20
    },
    "platform": [

    ],
    "platform-dev": [

    ]
}
