{
    "_readme": [
        "This file locks the dependencies of your project to a known state",
        "Read more about it at http://getcomposer.org/doc/01-basic-usage.md#composer-lock-the-lock-file"
    ],
    "hash": "1a64bb062480054971153527955fa3ff",
    "packages": [
        {
            "name": "pajamasql/pajamasql",
            "version": "dev-master",
            "source": {
                "type": "git",
                "url": "https://github.com/al-codepone/pajamaSQL.git",
                "reference": "2e6def35e844193fc7b58ba9d8b720cfe3feaa10"
            },
            "dist": {
                "type": "zip",
                "url": "https://api.github.com/repos/al-codepone/pajamaSQL/zipball/2e6def35e844193fc7b58ba9d8b720cfe3feaa10",
                "reference": "2e6def35e844193fc7b58ba9d8b720cfe3feaa10",
                "shasum": ""
            },
            "require": {
                "php": ">=5.3.0"
            },
            "type": "library",
            "autoload": {
                "psr-0": {
                    "pjsql\\": "src/"
                }
            },
            "notification-url": "https://packagist.org/downloads/",
            "license": [
                "MIT"
            ],
            "authors": [
                {
                    "name": "Ry Ferguson",
                    "email": "rytf12@gmail.com",
                    "homepage": "http://ikitovagn.com",
                    "role": "Developer"
                }
            ],
            "description": "PHP SQL database layer",
            "homepage": "https://github.com/al-codepone/pajamaSQL",
            "keywords": [
                "model",
                "models",
                "sql"
            ],
            "time": "2014-06-27 04:16:33"
        }
    ],
    "packages-dev": [

    ],
    "aliases": [

    ],
    "minimum-stability": "stable",
    "stability-flags": {
        "pajamasql/pajamasql": 20
    },
    "platform": [

    ],
    "platform-dev": [

    ]
}
